
Microsoft Visual Studio Solution File, Format Version 12.00
# Visual Studio Version 17
VisualStudioVersion = 17.0.31611.283
MinimumVisualStudioVersion = 10.0.40219.1
Project("{F2A71F9B-5D33-465A-A702-920D77279786}") = "Skat-PI.MAUI", ".\Skat-PI.MAUI\Skat-PI.MAUI.fsproj", "{98FC8F61-D6FB-46D8-92D7-000AB30A6687}"
EndProject
Project("{F2A71F9B-5D33-465A-A702-920D77279786}") = "skat-pi", "skat-pi\skat-pi.fsproj", "{CA1BB147-355A-4A52-8EAC-AD825BB44B59}"
EndProject
Project("{F2A71F9B-5D33-465A-A702-920D77279786}") = "skat-pi.Tests", "skat-pi.Tests\skat-pi.Tests.fsproj", "{EE291B62-F0F8-429B-9BBD-B0F9029C5DE0}"
EndProject
Global
	GlobalSection(SolutionConfigurationPlatforms) = preSolution
		Debug|Any CPU = Debug|Any CPU
		Debug|x64 = Debug|x64
		Debug|x86 = Debug|x86
		Release|Any CPU = Release|Any CPU
		Release|x64 = Release|x64
		Release|x86 = Release|x86
	EndGlobalSection
	GlobalSection(ProjectConfigurationPlatforms) = postSolution
		{98FC8F61-D6FB-46D8-92D7-000AB30A6687}.Debug|Any CPU.ActiveCfg = Debug|Any CPU
		{98FC8F61-D6FB-46D8-92D7-000AB30A6687}.Debug|Any CPU.Build.0 = Debug|Any CPU
		{98FC8F61-D6FB-46D8-92D7-000AB30A6687}.Debug|Any CPU.Deploy.0 = Debug|Any CPU
		{98FC8F61-D6FB-46D8-92D7-000AB30A6687}.Debug|x64.ActiveCfg = Debug|Any CPU
		{98FC8F61-D6FB-46D8-92D7-000AB30A6687}.Debug|x64.Build.0 = Debug|Any CPU
		{98FC8F61-D6FB-46D8-92D7-000AB30A6687}.Debug|x86.ActiveCfg = Debug|Any CPU
		{98FC8F61-D6FB-46D8-92D7-000AB30A6687}.Debug|x86.Build.0 = Debug|Any CPU
		{98FC8F61-D6FB-46D8-92D7-000AB30A6687}.Release|Any CPU.ActiveCfg = Release|Any CPU
		{98FC8F61-D6FB-46D8-92D7-000AB30A6687}.Release|Any CPU.Build.0 = Release|Any CPU
		{98FC8F61-D6FB-46D8-92D7-000AB30A6687}.Release|Any CPU.Deploy.0 = Release|Any CPU
		{98FC8F61-D6FB-46D8-92D7-000AB30A6687}.Release|x64.ActiveCfg = Release|Any CPU
		{98FC8F61-D6FB-46D8-92D7-000AB30A6687}.Release|x64.Build.0 = Release|Any CPU
		{98FC8F61-D6FB-46D8-92D7-000AB30A6687}.Release|x86.ActiveCfg = Release|Any CPU
		{98FC8F61-D6FB-46D8-92D7-000AB30A6687}.Release|x86.Build.0 = Release|Any CPU
		{CA1BB147-355A-4A52-8EAC-AD825BB44B59}.Debug|Any CPU.ActiveCfg = Debug|Any CPU
		{CA1BB147-355A-4A52-8EAC-AD825BB44B59}.Debug|Any CPU.Build.0 = Debug|Any CPU
		{CA1BB147-355A-4A52-8EAC-AD825BB44B59}.Debug|x64.ActiveCfg = Debug|Any CPU
		{CA1BB147-355A-4A52-8EAC-AD825BB44B59}.Debug|x64.Build.0 = Debug|Any CPU
		{CA1BB147-355A-4A52-8EAC-AD825BB44B59}.Debug|x86.ActiveCfg = Debug|Any CPU
		{CA1BB147-355A-4A52-8EAC-AD825BB44B59}.Debug|x86.Build.0 = Debug|Any CPU
		{CA1BB147-355A-4A52-8EAC-AD825BB44B59}.Release|Any CPU.ActiveCfg = Release|Any CPU
		{CA1BB147-355A-4A52-8EAC-AD825BB44B59}.Release|Any CPU.Build.0 = Release|Any CPU
		{CA1BB147-355A-4A52-8EAC-AD825BB44B59}.Release|x64.ActiveCfg = Release|Any CPU
		{CA1BB147-355A-4A52-8EAC-AD825BB44B59}.Release|x64.Build.0 = Release|Any CPU
		{CA1BB147-355A-4A52-8EAC-AD825BB44B59}.Release|x86.ActiveCfg = Release|Any CPU
		{CA1BB147-355A-4A52-8EAC-AD825BB44B59}.Release|x86.Build.0 = Release|Any CPU
		{EE291B62-F0F8-429B-9BBD-B0F9029C5DE0}.Debug|Any CPU.ActiveCfg = Debug|Any CPU
		{EE291B62-F0F8-429B-9BBD-B0F9029C5DE0}.Debug|Any CPU.Build.0 = Debug|Any CPU
		{EE291B62-F0F8-429B-9BBD-B0F9029C5DE0}.Debug|x64.ActiveCfg = Debug|Any CPU
		{EE291B62-F0F8-429B-9BBD-B0F9029C5DE0}.Debug|x64.Build.0 = Debug|Any CPU
		{EE291B62-F0F8-429B-9BBD-B0F9029C5DE0}.Debug|x86.ActiveCfg = Debug|Any CPU
		{EE291B62-F0F8-429B-9BBD-B0F9029C5DE0}.Debug|x86.Build.0 = Debug|Any CPU
		{EE291B62-F0F8-429B-9BBD-B0F9029C5DE0}.Release|Any CPU.ActiveCfg = Release|Any CPU
		{EE291B62-F0F8-429B-9BBD-B0F9029C5DE0}.Release|Any CPU.Build.0 = Release|Any CPU
		{EE291B62-F0F8-429B-9BBD-B0F9029C5DE0}.Release|x64.ActiveCfg = Release|Any CPU
		{EE291B62-F0F8-429B-9BBD-B0F9029C5DE0}.Release|x64.Build.0 = Release|Any CPU
		{EE291B62-F0F8-429B-9BBD-B0F9029C5DE0}.Release|x86.ActiveCfg = Release|Any CPU
		{EE291B62-F0F8-429B-9BBD-B0F9029C5DE0}.Release|x86.Build.0 = Release|Any CPU
	EndGlobalSection
	GlobalSection(SolutionProperties) = preSolution
		HideSolutionNode = FALSE
	EndGlobalSection
	GlobalSection(ExtensibilityGlobals) = postSolution
		SolutionGuid = {61F7FB11-1E47-470C-91E2-47F8143E1572}
	EndGlobalSection
EndGlobal
